
Microsoft Visual Studio Solution File, Format Version 12.00
# Visual Studio Version 16
VisualStudioVersion = 16.0.30804.86
MinimumVisualStudioVersion = 10.0.40219.1
Project("{FAE04EC0-301F-11D3-BF4B-00C04F79EFBC}") = "problema 6", "problema 6.csproj", "{82ADDC04-80AF-436E-8879-D06F826F8946}"
EndProject
Global
	GlobalSection(SolutionConfigurationPlatforms) = preSolution
		Debug|Any CPU = Debug|Any CPU
		Release|Any CPU = Release|Any CPU
	EndGlobalSection
	GlobalSection(ProjectConfigurationPlatforms) = postSolution
		{82ADDC04-80AF-436E-8879-D06F826F8946}.Debug|Any CPU.ActiveCfg = Debug|Any CPU
		{82ADDC04-80AF-436E-8879-D06F826F8946}.Debug|Any CPU.Build.0 = Debug|Any CPU
		{82ADDC04-80AF-436E-8879-D06F826F8946}.Release|Any CPU.ActiveCfg = Release|Any CPU
		{82ADDC04-80AF-436E-8879-D06F826F8946}.Release|Any CPU.Build.0 = Release|Any CPU
	EndGlobalSection
	GlobalSection(SolutionProperties) = preSolution
		HideSolutionNode = FALSE
	EndGlobalSection
	GlobalSection(ExtensibilityGlobals) = postSolution
		SolutionGuid = {8188CA72-A825-4511-8A24-1B6F20678503}
	EndGlobalSection
EndGlobal
