
Microsoft Visual Studio Solution File, Format Version 12.00
# Visual Studio Version 16
VisualStudioVersion = 16.0.30804.86
MinimumVisualStudioVersion = 10.0.40219.1
Project("{FAE04EC0-301F-11D3-BF4B-00C04F79EFBC}") = "problema 4", "problema 4.csproj", "{E343865D-4064-4696-9A27-E16E4AE5AD99}"
EndProject
Global
	GlobalSection(SolutionConfigurationPlatforms) = preSolution
		Debug|Any CPU = Debug|Any CPU
		Release|Any CPU = Release|Any CPU
	EndGlobalSection
	GlobalSection(ProjectConfigurationPlatforms) = postSolution
		{E343865D-4064-4696-9A27-E16E4AE5AD99}.Debug|Any CPU.ActiveCfg = Debug|Any CPU
		{E343865D-4064-4696-9A27-E16E4AE5AD99}.Debug|Any CPU.Build.0 = Debug|Any CPU
		{E343865D-4064-4696-9A27-E16E4AE5AD99}.Release|Any CPU.ActiveCfg = Release|Any CPU
		{E343865D-4064-4696-9A27-E16E4AE5AD99}.Release|Any CPU.Build.0 = Release|Any CPU
	EndGlobalSection
	GlobalSection(SolutionProperties) = preSolution
		HideSolutionNode = FALSE
	EndGlobalSection
	GlobalSection(ExtensibilityGlobals) = postSolution
		SolutionGuid = {FB20A9CB-B7CE-4667-AB0C-E0BEA326EC16}
	EndGlobalSection
EndGlobal
